// !$*UTF8*$!
{
	archiveVersion = 1;
	classes = {
	};
	objectVersion = 56;
	objects = {

/* Begin PBXBuildFile section */
		A001 /* ChordCraftApp.swift */ = {isa = PBXBuildFile; fileRef = B001 /* ChordCraftApp.swift */; };
		A002 /* ChordProgression.swift */ = {isa = PBXBuildFile; fileRef = B002 /* ChordProgression.swift */; };
		A003 /* SongSection.swift */ = {isa = PBXBuildFile; fileRef = B003 /* SongSection.swift */; };
		A004 /* SongStructure.swift */ = {isa = PBXBuildFile; fileRef = B004 /* SongStructure.swift */; };
		A005 /* SectionGeneratorViewModel.swift */ = {isa = PBXBuildFile; fileRef = B005 /* SectionGeneratorViewModel.swift */; };
		A006 /* FullSongViewModel.swift */ = {isa = PBXBuildFile; fileRef = B006 /* FullSongViewModel.swift */; };
		A007 /* HomeView.swift */ = {isa = PBXBuildFile; fileRef = B007 /* HomeView.swift */; };
		A008 /* SectionGeneratorView.swift */ = {isa = PBXBuildFile; fileRef = B008 /* SectionGeneratorView.swift */; };
		A009 /* FullSongGeneratorView.swift */ = {isa = PBXBuildFile; fileRef = B009 /* FullSongGeneratorView.swift */; };
		A010 /* ProgressionResultCard.swift */ = {isa = PBXBuildFile; fileRef = B010 /* ProgressionResultCard.swift */; };
		A011 /* ChordPillView.swift */ = {isa = PBXBuildFile; fileRef = B011 /* ChordPillView.swift */; };
		A012 /* SongStructureView.swift */ = {isa = PBXBuildFile; fileRef = B012 /* SongStructureView.swift */; };
		A013 /* AnthropicService.swift */ = {isa = PBXBuildFile; fileRef = B013 /* AnthropicService.swift */; };
		A014 /* MusicTheoryHelpers.swift */ = {isa = PBXBuildFile; fileRef = B014 /* MusicTheoryHelpers.swift */; };
		A015 /* DesignSystem.swift */ = {isa = PBXBuildFile; fileRef = B015 /* DesignSystem.swift */; };
		A016 /* SettingsView.swift */ = {isa = PBXBuildFile; fileRef = B016 /* SettingsView.swift */; };
		A017 /* SavedProgressionsView.swift */ = {isa = PBXBuildFile; fileRef = B017 /* SavedProgressionsView.swift */; };
		A018 /* OnboardingView.swift */ = {isa = PBXBuildFile; fileRef = B018 /* OnboardingView.swift */; };
		A019 /* Config.plist */ = {isa = PBXBuildFile; fileRef = B019 /* Config.plist */; };
/* End PBXBuildFile section */

/* Begin PBXFileReference section */
		B001 /* ChordCraftApp.swift */ = {isa = PBXFileReference; lastKnownFileType = sourcecode.swift; path = ChordCraftApp.swift; sourceTree = "<group>"; };
		B002 /* ChordProgression.swift */ = {isa = PBXFileReference; lastKnownFileType = sourcecode.swift; path = ChordProgression.swift; sourceTree = "<group>"; };
		B003 /* SongSection.swift */ = {isa = PBXFileReference; lastKnownFileType = sourcecode.swift; path = SongSection.swift; sourceTree = "<group>"; };
		B004 /* SongStructure.swift */ = {isa = PBXFileReference; lastKnownFileType = sourcecode.swift; path = SongStructure.swift; sourceTree = "<group>"; };
		B005 /* SectionGeneratorViewModel.swift */ = {isa = PBXFileReference; lastKnownFileType = sourcecode.swift; path = SectionGeneratorViewModel.swift; sourceTree = "<group>"; };
		B006 /* FullSongViewModel.swift */ = {isa = PBXFileReference; lastKnownFileType = sourcecode.swift; path = FullSongViewModel.swift; sourceTree = "<group>"; };
		B007 /* HomeView.swift */ = {isa = PBXFileReference; lastKnownFileType = sourcecode.swift; path = HomeView.swift; sourceTree = "<group>"; };
		B008 /* SectionGeneratorView.swift */ = {isa = PBXFileReference; lastKnownFileType = sourcecode.swift; path = SectionGeneratorView.swift; sourceTree = "<group>"; };
		B009 /* FullSongGeneratorView.swift */ = {isa = PBXFileReference; lastKnownFileType = sourcecode.swift; path = FullSongGeneratorView.swift; sourceTree = "<group>"; };
		B010 /* ProgressionResultCard.swift */ = {isa = PBXFileReference; lastKnownFileType = sourcecode.swift; path = ProgressionResultCard.swift; sourceTree = "<group>"; };
		B011 /* ChordPillView.swift */ = {isa = PBXFileReference; lastKnownFileType = sourcecode.swift; path = ChordPillView.swift; sourceTree = "<group>"; };
		B012 /* SongStructureView.swift */ = {isa = PBXFileReference; lastKnownFileType = sourcecode.swift; path = SongStructureView.swift; sourceTree = "<group>"; };
		B013 /* AnthropicService.swift */ = {isa = PBXFileReference; lastKnownFileType = sourcecode.swift; path = AnthropicService.swift; sourceTree = "<group>"; };
		B014 /* MusicTheoryHelpers.swift */ = {isa = PBXFileReference; lastKnownFileType = sourcecode.swift; path = MusicTheoryHelpers.swift; sourceTree = "<group>"; };
		B015 /* DesignSystem.swift */ = {isa = PBXFileReference; lastKnownFileType = sourcecode.swift; path = DesignSystem.swift; sourceTree = "<group>"; };
		B016 /* SettingsView.swift */ = {isa = PBXFileReference; lastKnownFileType = sourcecode.swift; path = SettingsView.swift; sourceTree = "<group>"; };
		B017 /* SavedProgressionsView.swift */ = {isa = PBXFileReference; lastKnownFileType = sourcecode.swift; path = SavedProgressionsView.swift; sourceTree = "<group>"; };
		B018 /* OnboardingView.swift */ = {isa = PBXFileReference; lastKnownFileType = sourcecode.swift; path = OnboardingView.swift; sourceTree = "<group>"; };
		B019 /* Config.plist */ = {isa = PBXFileReference; lastKnownFileType = text.plist.xml; path = Config.plist; sourceTree = "<group>"; };
		PROD /* ChordCraft.app */ = {isa = PBXFileReference; explicitFileType = wrapper.application; includeInIndex = 0; path = ChordCraft.app; sourceTree = BUILT_PRODUCTS_DIR; };
/* End PBXFileReference section */

/* Begin PBXFrameworksBuildPhase section */
		FW01 = {
			isa = PBXFrameworksBuildPhase;
			buildActionMask = 2147483647;
			files = ();
			runOnlyForDeploymentPostprocessing = 0;
		};
/* End PBXFrameworksBuildPhase section */

/* Begin PBXGroup section */
		ROOT = {
			isa = PBXGroup;
			children = (
				GRP_APP /* ChordCraft */,
				GRP_PROD /* Products */,
			);
			sourceTree = "<group>";
		};
		GRP_PROD = {
			isa = PBXGroup;
			children = (PROD);
			name = Products;
			sourceTree = "<group>";
		};
		GRP_APP = {
			isa = PBXGroup;
			children = (
				B001 /* ChordCraftApp.swift */,
				B019 /* Config.plist */,
				GRP_MODELS /* Models */,
				GRP_VMS /* ViewModels */,
				GRP_VIEWS /* Views */,
				GRP_SVC /* Services */,
				GRP_UTIL /* Utilities */,
			);
			path = ChordCraft;
			sourceTree = "<group>";
		};
		GRP_MODELS = {
			isa = PBXGroup;
			children = (B002 B003 B004);
			path = Models;
			sourceTree = "<group>";
		};
		GRP_VMS = {
			isa = PBXGroup;
			children = (B005 B006);
			path = ViewModels;
			sourceTree = "<group>";
		};
		GRP_VIEWS = {
			isa = PBXGroup;
			children = (B007 B008 B009 B010 B011 B012 B015 B016 B017 B018);
			path = Views;
			sourceTree = "<group>";
		};
		GRP_SVC = {
			isa = PBXGroup;
			children = (B013);
			path = Services;
			sourceTree = "<group>";
		};
		GRP_UTIL = {
			isa = PBXGroup;
			children = (B014);
			path = Utilities;
			sourceTree = "<group>";
		};
/* End PBXGroup section */

/* Begin PBXNativeTarget section */
		TGT1 = {
			isa = PBXNativeTarget;
			buildConfigurationList = CFGLIST;
			buildPhases = (SRC01 FW01 RES01);
			buildRules = ();
			dependencies = ();
			name = ChordCraft;
			productName = ChordCraft;
			productReference = PROD;
			productType = "com.apple.product-type.application";
		};
/* End PBXNativeTarget section */

/* Begin PBXProject section */
		PROJ = {
			isa = PBXProject;
			attributes = {
				BuildIndependentTargetsInParallel = 1;
				LastSwiftUpdateCheck = 1500;
				LastUpgradeCheck = 1500;
				TargetAttributes = {
					TGT1 = {
						CreatedOnToolsVersion = 15.0;
					};
				};
			};
			buildConfigurationList = PROJCFG;
			compatibilityVersion = "Xcode 14.0";
			developmentRegion = en;
			hasScannedForEncodings = 0;
			knownRegions = (en, Base);
			mainGroup = ROOT;
			productRefGroup = GRP_PROD;
			projectDirPath = "";
			projectRoot = "";
			targets = (TGT1);
		};
/* End PBXProject section */

/* Begin PBXResourcesBuildPhase section */
		RES01 = {
			isa = PBXResourcesBuildPhase;
			buildActionMask = 2147483647;
			files = (A019);
			runOnlyForDeploymentPostprocessing = 0;
		};
/* End PBXResourcesBuildPhase section */

/* Begin PBXSourcesBuildPhase section */
		SRC01 = {
			isa = PBXSourcesBuildPhase;
			buildActionMask = 2147483647;
			files = (A001 A002 A003 A004 A005 A006 A007 A008 A009 A010 A011 A012 A013 A014 A015 A016 A017 A018);
			runOnlyForDeploymentPostprocessing = 0;
		};
/* End PBXSourcesBuildPhase section */

/* Begin XCBuildConfiguration section */
		CFG_DBG = {
			isa = XCBuildConfiguration;
			buildSettings = {
				ALWAYS_SEARCH_USER_PATHS = NO;
				ASSETCATALOG_COMPILER_GENERATE_SWIFT_ASSET_SYMBOL_EXTENSIONS = YES;
				CLANG_ANALYZER_NONNULL = YES;
				CLANG_ANALYZER_NUMBER_OBJECT_CONVERSION = YES_AGGRESSIVE;
				CLANG_CXX_LANGUAGE_STANDARD = "gnu++20";
				CLANG_ENABLE_MODULES = YES;
				CLANG_ENABLE_OBJC_ARC = YES;
				CLANG_ENABLE_OBJC_WEAK = YES;
				CLANG_WARN_BLOCK_CAPTURE_AUTORELEASING = YES;
				CLANG_WARN_BOOL_CONVERSION = YES;
				CLANG_WARN_COMMA = YES;
				CLANG_WARN_CONSTANT_CONVERSION = YES;
				CLANG_WARN_DEPRECATED_OBJC_IMPLEMENTATIONS = YES;
				CLANG_WARN_DIRECT_OBJC_ISA_USAGE = YES_ERROR;
				CLANG_WARN_DOCUMENTATION_COMMENTS = YES;
				CLANG_WARN_EMPTY_BODY = YES;
				CLANG_WARN_ENUM_CONVERSION = YES;
				CLANG_WARN_INFINITE_RECURSION = YES;
				CLANG_WARN_INT_CONVERSION = YES;
				CLANG_WARN_NON_LITERAL_NULL_CONVERSION = YES;
				CLANG_WARN_OBJC_IMPLICIT_RETAIN_CYCLE = YES;
				CLANG_WARN_OBJC_LITERAL_CONVERSION = YES;
				CLANG_WARN_OBJC_ROOT_CLASS = YES_ERROR;
				CLANG_WARN_QUOTED_INCLUDE_IN_FRAMEWORK_HEADER = YES;
				CLANG_WARN_RANGE_LOOP_ANALYSIS = YES;
				CLANG_WARN_STRICT_PROTOTYPES = YES;
				CLANG_WARN_SUSPICIOUS_MOVE = YES;
				CLANG_WARN_UNGUARDED_AVAILABILITY = YES_AGGRESSIVE;
				CLANG_WARN_UNREACHABLE_CODE = YES;
				CLANG_WARN__DUPLICATE_METHOD_MATCH = YES;
				COPY_PHASE_STRIP = NO;
				DEBUG_INFORMATION_FORMAT = dwarf;
				ENABLE_STRICT_OBJC_MSGSEND = YES;
				ENABLE_TESTABILITY = YES;
				ENABLE_USER_SCRIPT_SANDBOXING = YES;
				GCC_C_LANGUAGE_STANDARD = gnu17;
				GCC_DYNAMIC_NO_PIC = NO;
				GCC_NO_COMMON_BLOCKS = YES;
				GCC_OPTIMIZATION_LEVEL = 0;
				GCC_PREPROCESSOR_DEFINITIONS = ("DEBUG=1" "$(inherited)");
				GCC_WARN_64_TO_32_BIT_CONVERSION = YES;
				GCC_WARN_ABOUT_RETURN_TYPE = YES_ERROR;
				GCC_WARN_UNDECLARED_SELECTOR = YES;
				GCC_WARN_UNINITIALIZED_AUTOS = YES_AGGRESSIVE;
				GCC_WARN_UNUSED_FUNCTION = YES;
				GCC_WARN_UNUSED_VARIABLE = YES;
				IPHONEOS_DEPLOYMENT_TARGET = 17.0;
				MTL_ENABLE_DEBUG_INFO = INCLUDE_SOURCE;
				MTL_FAST_MATH = YES;
				ONLY_ACTIVE_ARCH = YES;
				SDKROOT = iphoneos;
				SWIFT_ACTIVE_COMPILATION_CONDITIONS = "DEBUG $(inherited)";
				SWIFT_OPTIMIZATION_LEVEL = "-Onone";
			};
			name = Debug;
		};
		CFG_REL = {
			isa = XCBuildConfiguration;
			buildSettings = {
				ALWAYS_SEARCH_USER_PATHS = NO;
				ASSETCATALOG_COMPILER_GENERATE_SWIFT_ASSET_SYMBOL_EXTENSIONS = YES;
				CLANG_ANALYZER_NONNULL = YES;
				CLANG_ANALYZER_NUMBER_OBJECT_CONVERSION = YES_AGGRESSIVE;
				CLANG_CXX_LANGUAGE_STANDARD = "gnu++20";
				CLANG_ENABLE_MODULES = YES;
				CLANG_ENABLE_OBJC_ARC = YES;
				CLANG_ENABLE_OBJC_WEAK = YES;
				CLANG_WARN_BLOCK_CAPTURE_AUTORELEASING = YES;
				CLANG_WARN_BOOL_CONVERSION = YES;
				CLANG_WARN_COMMA = YES;
				CLANG_WARN_CONSTANT_CONVERSION = YES;
				CLANG_WARN_DEPRECATED_OBJC_IMPLEMENTATIONS = YES;
				CLANG_WARN_DIRECT_OBJC_ISA_USAGE = YES_ERROR;
				CLANG_WARN_DOCUMENTATION_COMMENTS = YES;
				CLANG_WARN_EMPTY_BODY = YES;
				CLANG_WARN_ENUM_CONVERSION = YES;
				CLANG_WARN_INFINITE_RECURSION = YES;
				CLANG_WARN_INT_CONVERSION = YES;
				CLANG_WARN_NON_LITERAL_NULL_CONVERSION = YES;
				CLANG_WARN_OBJC_IMPLICIT_RETAIN_CYCLE = YES;
				CLANG_WARN_OBJC_LITERAL_CONVERSION = YES;
				CLANG_WARN_OBJC_ROOT_CLASS = YES_ERROR;
				CLANG_WARN_QUOTED_INCLUDE_IN_FRAMEWORK_HEADER = YES;
				CLANG_WARN_RANGE_LOOP_ANALYSIS = YES;
				CLANG_WARN_STRICT_PROTOTYPES = YES;
				CLANG_WARN_SUSPICIOUS_MOVE = YES;
				CLANG_WARN_UNGUARDED_AVAILABILITY = YES_AGGRESSIVE;
				CLANG_WARN_UNREACHABLE_CODE = YES;
				CLANG_WARN__DUPLICATE_METHOD_MATCH = YES;
				COPY_PHASE_STRIP = NO;
				DEBUG_INFORMATION_FORMAT = "dwarf-with-dsym";
				ENABLE_NS_ASSERTIONS = NO;
				ENABLE_STRICT_OBJC_MSGSEND = YES;
				ENABLE_USER_SCRIPT_SANDBOXING = YES;
				GCC_C_LANGUAGE_STANDARD = gnu17;
				GCC_NO_COMMON_BLOCKS = YES;
				GCC_WARN_64_TO_32_BIT_CONVERSION = YES;
				GCC_WARN_ABOUT_RETURN_TYPE = YES_ERROR;
				GCC_WARN_UNDECLARED_SELECTOR = YES;
				GCC_WARN_UNINITIALIZED_AUTOS = YES_AGGRESSIVE;
				GCC_WARN_UNUSED_FUNCTION = YES;
				GCC_WARN_UNUSED_VARIABLE = YES;
				IPHONEOS_DEPLOYMENT_TARGET = 17.0;
				MTL_FAST_MATH = YES;
				SDKROOT = iphoneos;
				SWIFT_COMPILATION_MODE = wholemodule;
				VALIDATE_PRODUCT = YES;
			};
			name = Release;
		};
		TGT_DBG = {
			isa = XCBuildConfiguration;
			buildSettings = {
				ASSETCATALOG_COMPILER_APPICON_NAME = AppIcon;
				ASSETCATALOG_COMPILER_GLOBAL_ACCENT_COLOR_NAME = AccentColor;
				CODE_SIGN_STYLE = Automatic;
				CURRENT_PROJECT_VERSION = 1;
				DEVELOPMENT_ASSET_PATHS = "";
				ENABLE_PREVIEWS = YES;
				GENERATE_INFOPLIST_FILE = YES;
				INFOPLIST_KEY_NSHumanReadableDescription = "AI-powered chord progression generator";
				INFOPLIST_KEY_UIApplicationSceneManifest_Generation = YES;
				INFOPLIST_KEY_UIApplicationSupportsIndirectInputEvents = YES;
				INFOPLIST_KEY_UILaunchScreen_Generation = YES;
				INFOPLIST_KEY_UISupportedInterfaceOrientations_iPad = "UIInterfaceOrientationPortrait UIInterfaceOrientationPortraitUpsideDown UIInterfaceOrientationLandscapeLeft UIInterfaceOrientationLandscapeRight";
				INFOPLIST_KEY_UISupportedInterfaceOrientations_iPhone = "UIInterfaceOrientationPortrait UIInterfaceOrientationLandscapeLeft UIInterfaceOrientationLandscapeRight";
				IPHONEOS_DEPLOYMENT_TARGET = 17.0;
				LD_RUNPATH_SEARCH_PATHS = ("$(inherited)" "@executable_path/Frameworks");
				MARKETING_VERSION = 1.0;
				PRODUCT_BUNDLE_IDENTIFIER = com.chordcraft.app;
				PRODUCT_NAME = "$(TARGET_NAME)";
				SWIFT_EMIT_LOC_STRINGS = YES;
				SWIFT_VERSION = 5.0;
				TARGETED_DEVICE_FAMILY = "1,2";
			};
			name = Debug;
		};
		TGT_REL = {
			isa = XCBuildConfiguration;
			buildSettings = {
				ASSETCATALOG_COMPILER_APPICON_NAME = AppIcon;
				ASSETCATALOG_COMPILER_GLOBAL_ACCENT_COLOR_NAME = AccentColor;
				CODE_SIGN_STYLE = Automatic;
				CURRENT_PROJECT_VERSION = 1;
				DEVELOPMENT_ASSET_PATHS = "";
				ENABLE_PREVIEWS = YES;
				GENERATE_INFOPLIST_FILE = YES;
				INFOPLIST_KEY_NSHumanReadableDescription = "AI-powered chord progression generator";
				INFOPLIST_KEY_UIApplicationSceneManifest_Generation = YES;
				INFOPLIST_KEY_UIApplicationSupportsIndirectInputEvents = YES;
				INFOPLIST_KEY_UILaunchScreen_Generation = YES;
				INFOPLIST_KEY_UISupportedInterfaceOrientations_iPad = "UIInterfaceOrientationPortrait UIInterfaceOrientationPortraitUpsideDown UIInterfaceOrientationLandscapeLeft UIInterfaceOrientationLandscapeRight";
				INFOPLIST_KEY_UISupportedInterfaceOrientations_iPhone = "UIInterfaceOrientationPortrait UIInterfaceOrientationLandscapeLeft UIInterfaceOrientationLandscapeRight";
				IPHONEOS_DEPLOYMENT_TARGET = 17.0;
				LD_RUNPATH_SEARCH_PATHS = ("$(inherited)" "@executable_path/Frameworks");
				MARKETING_VERSION = 1.0;
				PRODUCT_BUNDLE_IDENTIFIER = com.chordcraft.app;
				PRODUCT_NAME = "$(TARGET_NAME)";
				SWIFT_EMIT_LOC_STRINGS = YES;
				SWIFT_VERSION = 5.0;
				TARGETED_DEVICE_FAMILY = "1,2";
			};
			name = Release;
		};
/* End XCBuildConfiguration section */

/* Begin XCConfigurationList section */
		PROJCFG = {
			isa = XCConfigurationList;
			buildConfigurations = (CFG_DBG CFG_REL);
			defaultConfigurationIsVisible = 0;
			defaultConfigurationName = Release;
		};
		CFGLIST = {
			isa = XCConfigurationList;
			buildConfigurations = (TGT_DBG TGT_REL);
			defaultConfigurationIsVisible = 0;
			defaultConfigurationName = Release;
		};
/* End XCConfigurationList section */

	};
	rootObject = PROJ;
}
